
Microsoft Visual Studio Solution File, Format Version 10.00
# Visual Studio 2008
Project("{8BC9CEB8-8B4A-11D0-8D11-00A0C91BC942}") = "DNdox", "DNdox\DNdox.vcproj", "{138B2C04-24AE-4233-A4DF-DA3226F3224B}"
EndProject
Global
	GlobalSection(SolutionConfigurationPlatforms) = preSolution
		Debug|Win32 = Debug|Win32
		Release|Win32 = Release|Win32
	EndGlobalSection
	GlobalSection(ProjectConfigurationPlatforms) = postSolution
		{138B2C04-24AE-4233-A4DF-DA3226F3224B}.Debug|Win32.ActiveCfg = Debug|Win32
		{138B2C04-24AE-4233-A4DF-DA3226F3224B}.Debug|Win32.Build.0 = Debug|Win32
		{138B2C04-24AE-4233-A4DF-DA3226F3224B}.Release|Win32.ActiveCfg = Release|Win32
		{138B2C04-24AE-4233-A4DF-DA3226F3224B}.Release|Win32.Build.0 = Release|Win32
	EndGlobalSection
	GlobalSection(SolutionProperties) = preSolution
		HideSolutionNode = FALSE
	EndGlobalSection
EndGlobal
